
Microsoft Visual Studio Solution File, Format Version 12.00
# Visual Studio Version 17
VisualStudioVersion = 17.5.33627.172
MinimumVisualStudioVersion = 10.0.40219.1
Project("{9A19103F-16F7-4668-BE54-9A1E7A4F7556}") = "tapluyen.api", "tapluyen.api.csproj", "{F2ADE2BA-5545-41BC-8644-08A9B18F8114}"
EndProject
Project("{9A19103F-16F7-4668-BE54-9A1E7A4F7556}") = "TFU.Models", "..\tfu-net-core\TFU.Models\TFU.Models.csproj", "{C017EEF7-3AF9-4890-8EBC-3E5A4EE76FAB}"
EndProject
Project("{2150E333-8FDC-42A3-9474-1A3956D46DE8}") = "CORE", "CORE", "{B4947C6E-43F4-46ED-962C-3328FBBCD7EE}"
EndProject
Project("{9A19103F-16F7-4668-BE54-9A1E7A4F7556}") = "TFU.APIBased", "..\tfu-net-core\TFU.APIBased\TFU.APIBased.csproj", "{AB4787CD-E44C-4834-8FF5-F285F4E4C24B}"
EndProject
Project("{9A19103F-16F7-4668-BE54-9A1E7A4F7556}") = "TFU.BLL", "..\tfu-net-core\TFU.BLL\TFU.BLL.csproj", "{0DDADB61-180D-4018-A25E-FFA64B865F63}"
EndProject
Project("{9A19103F-16F7-4668-BE54-9A1E7A4F7556}") = "TFU.Common", "..\tfu-net-core\TFU.Common\TFU.Common.csproj", "{FADD99D3-818F-4486-A6D2-9C9BEB011ADE}"
EndProject
Project("{9A19103F-16F7-4668-BE54-9A1E7A4F7556}") = "TFU.DAL", "..\tfu-net-core\TFU.DAL\TFU.DAL.csproj", "{58C40CF3-EB0D-4505-9386-10E7AE2C4351}"
EndProject
Project("{9A19103F-16F7-4668-BE54-9A1E7A4F7556}") = "TFU.EntityFramework", "..\tfu-net-core\TFU.EntityFramework\TFU.EntityFramework.csproj", "{1AA5CE3A-2B22-4BA5-97C9-99642908BDEA}"
EndProject
Project("{9A19103F-16F7-4668-BE54-9A1E7A4F7556}") = "TFU.Logger", "..\tfu-net-core\TFU.Logger\TFU.Logger.csproj", "{36FB0E99-0535-4ECA-8344-ADD7B4CA140A}"
EndProject
Project("{9A19103F-16F7-4668-BE54-9A1E7A4F7556}") = "TFU.MediaProcess", "..\tfu-net-core\TFU.MediaProcess\TFU.MediaProcess.csproj", "{D60ED3D1-AE73-44BE-AB64-F93DC15F5962}"
EndProject
Project("{9A19103F-16F7-4668-BE54-9A1E7A4F7556}") = "TFU.MessagePlatform", "..\tfu-net-core\TFU.MessagePlatform\TFU.MessagePlatform.csproj", "{590826DF-CD7A-4540-999C-003E83BDED3A}"
EndProject
Project("{9A19103F-16F7-4668-BE54-9A1E7A4F7556}") = "TFU.Notification", "..\tfu-net-core\TFU.Notification\TFU.Notification.csproj", "{53D19944-E682-4604-B594-8A9D79196FCC}"
EndProject
Project("{9A19103F-16F7-4668-BE54-9A1E7A4F7556}") = "TFU.Common.Models", "..\tfu-net-core\TFU.Common.Models\TFU.Common.Models.csproj", "{53C514EC-520E-4B29-B2A5-F70E2F33657B}"
EndProject
Project("{9A19103F-16F7-4668-BE54-9A1E7A4F7556}") = "TFU.Utility", "..\tfu-net-core\TFU.Utility\TFU.Utility.csproj", "{3F67092B-B6BE-407C-82AB-4DD049319F18}"
EndProject
Project("{9A19103F-16F7-4668-BE54-9A1E7A4F7556}") = "TFU.MVCWebBased", "..\tfu-net-core\TFU.WebBased\TFU.MVCWebBased.csproj", "{881F5EB1-E0C4-4100-A0C9-AA2B8576AA47}"
EndProject
Project("{9A19103F-16F7-4668-BE54-9A1E7A4F7556}") = "App.Entity", "App.Entity\App.Entity.csproj", "{3D17E96D-7A5B-4C9F-BF8C-7238F7572A02}"
EndProject
Project("{9A19103F-16F7-4668-BE54-9A1E7A4F7556}") = "App.Utility", "App.Utility\App.Utility.csproj", "{E40475E3-B627-46A2-A327-438EC8653725}"
EndProject
Project("{9A19103F-16F7-4668-BE54-9A1E7A4F7556}") = "App.DAL", "App.DAL\App.DAL.csproj", "{182E12E7-01CB-49ED-9F44-E7E8A4E6BA48}"
EndProject
Project("{9A19103F-16F7-4668-BE54-9A1E7A4F7556}") = "App.BLL", "App.BLL\App.BLL.csproj", "{FB94CC06-5124-43C8-974C-CAECADD146EF}"
EndProject
Global
	GlobalSection(SolutionConfigurationPlatforms) = preSolution
		Beta|Any CPU = Beta|Any CPU
		Debug|Any CPU = Debug|Any CPU
		Release|Any CPU = Release|Any CPU
	EndGlobalSection
	GlobalSection(ProjectConfigurationPlatforms) = postSolution
		{F2ADE2BA-5545-41BC-8644-08A9B18F8114}.Beta|Any CPU.ActiveCfg = Release|Any CPU
		{F2ADE2BA-5545-41BC-8644-08A9B18F8114}.Beta|Any CPU.Build.0 = Release|Any CPU
		{F2ADE2BA-5545-41BC-8644-08A9B18F8114}.Debug|Any CPU.ActiveCfg = Debug|Any CPU
		{F2ADE2BA-5545-41BC-8644-08A9B18F8114}.Debug|Any CPU.Build.0 = Debug|Any CPU
		{F2ADE2BA-5545-41BC-8644-08A9B18F8114}.Release|Any CPU.ActiveCfg = Release|Any CPU
		{F2ADE2BA-5545-41BC-8644-08A9B18F8114}.Release|Any CPU.Build.0 = Release|Any CPU
		{C017EEF7-3AF9-4890-8EBC-3E5A4EE76FAB}.Beta|Any CPU.ActiveCfg = Debug|Any CPU
		{C017EEF7-3AF9-4890-8EBC-3E5A4EE76FAB}.Beta|Any CPU.Build.0 = Debug|Any CPU
		{C017EEF7-3AF9-4890-8EBC-3E5A4EE76FAB}.Debug|Any CPU.ActiveCfg = Debug|Any CPU
		{C017EEF7-3AF9-4890-8EBC-3E5A4EE76FAB}.Debug|Any CPU.Build.0 = Debug|Any CPU
		{C017EEF7-3AF9-4890-8EBC-3E5A4EE76FAB}.Release|Any CPU.ActiveCfg = Release|Any CPU
		{C017EEF7-3AF9-4890-8EBC-3E5A4EE76FAB}.Release|Any CPU.Build.0 = Release|Any CPU
		{AB4787CD-E44C-4834-8FF5-F285F4E4C24B}.Beta|Any CPU.ActiveCfg = Debug|Any CPU
		{AB4787CD-E44C-4834-8FF5-F285F4E4C24B}.Beta|Any CPU.Build.0 = Debug|Any CPU
		{AB4787CD-E44C-4834-8FF5-F285F4E4C24B}.Debug|Any CPU.ActiveCfg = Debug|Any CPU
		{AB4787CD-E44C-4834-8FF5-F285F4E4C24B}.Debug|Any CPU.Build.0 = Debug|Any CPU
		{AB4787CD-E44C-4834-8FF5-F285F4E4C24B}.Release|Any CPU.ActiveCfg = Release|Any CPU
		{AB4787CD-E44C-4834-8FF5-F285F4E4C24B}.Release|Any CPU.Build.0 = Release|Any CPU
		{0DDADB61-180D-4018-A25E-FFA64B865F63}.Beta|Any CPU.ActiveCfg = Beta|Any CPU
		{0DDADB61-180D-4018-A25E-FFA64B865F63}.Beta|Any CPU.Build.0 = Beta|Any CPU
		{0DDADB61-180D-4018-A25E-FFA64B865F63}.Debug|Any CPU.ActiveCfg = Debug|Any CPU
		{0DDADB61-180D-4018-A25E-FFA64B865F63}.Debug|Any CPU.Build.0 = Debug|Any CPU
		{0DDADB61-180D-4018-A25E-FFA64B865F63}.Release|Any CPU.ActiveCfg = Release|Any CPU
		{0DDADB61-180D-4018-A25E-FFA64B865F63}.Release|Any CPU.Build.0 = Release|Any CPU
		{FADD99D3-818F-4486-A6D2-9C9BEB011ADE}.Beta|Any CPU.ActiveCfg = Debug|Any CPU
		{FADD99D3-818F-4486-A6D2-9C9BEB011ADE}.Beta|Any CPU.Build.0 = Debug|Any CPU
		{FADD99D3-818F-4486-A6D2-9C9BEB011ADE}.Debug|Any CPU.ActiveCfg = Debug|Any CPU
		{FADD99D3-818F-4486-A6D2-9C9BEB011ADE}.Debug|Any CPU.Build.0 = Debug|Any CPU
		{FADD99D3-818F-4486-A6D2-9C9BEB011ADE}.Release|Any CPU.ActiveCfg = Release|Any CPU
		{FADD99D3-818F-4486-A6D2-9C9BEB011ADE}.Release|Any CPU.Build.0 = Release|Any CPU
		{58C40CF3-EB0D-4505-9386-10E7AE2C4351}.Beta|Any CPU.ActiveCfg = Debug|Any CPU
		{58C40CF3-EB0D-4505-9386-10E7AE2C4351}.Beta|Any CPU.Build.0 = Debug|Any CPU
		{58C40CF3-EB0D-4505-9386-10E7AE2C4351}.Debug|Any CPU.ActiveCfg = Debug|Any CPU
		{58C40CF3-EB0D-4505-9386-10E7AE2C4351}.Debug|Any CPU.Build.0 = Debug|Any CPU
		{58C40CF3-EB0D-4505-9386-10E7AE2C4351}.Release|Any CPU.ActiveCfg = Release|Any CPU
		{58C40CF3-EB0D-4505-9386-10E7AE2C4351}.Release|Any CPU.Build.0 = Release|Any CPU
		{1AA5CE3A-2B22-4BA5-97C9-99642908BDEA}.Beta|Any CPU.ActiveCfg = Debug|Any CPU
		{1AA5CE3A-2B22-4BA5-97C9-99642908BDEA}.Beta|Any CPU.Build.0 = Debug|Any CPU
		{1AA5CE3A-2B22-4BA5-97C9-99642908BDEA}.Debug|Any CPU.ActiveCfg = Debug|Any CPU
		{1AA5CE3A-2B22-4BA5-97C9-99642908BDEA}.Debug|Any CPU.Build.0 = Debug|Any CPU
		{1AA5CE3A-2B22-4BA5-97C9-99642908BDEA}.Release|Any CPU.ActiveCfg = Release|Any CPU
		{1AA5CE3A-2B22-4BA5-97C9-99642908BDEA}.Release|Any CPU.Build.0 = Release|Any CPU
		{36FB0E99-0535-4ECA-8344-ADD7B4CA140A}.Beta|Any CPU.ActiveCfg = Debug|Any CPU
		{36FB0E99-0535-4ECA-8344-ADD7B4CA140A}.Beta|Any CPU.Build.0 = Debug|Any CPU
		{36FB0E99-0535-4ECA-8344-ADD7B4CA140A}.Debug|Any CPU.ActiveCfg = Debug|Any CPU
		{36FB0E99-0535-4ECA-8344-ADD7B4CA140A}.Debug|Any CPU.Build.0 = Debug|Any CPU
		{36FB0E99-0535-4ECA-8344-ADD7B4CA140A}.Release|Any CPU.ActiveCfg = Release|Any CPU
		{36FB0E99-0535-4ECA-8344-ADD7B4CA140A}.Release|Any CPU.Build.0 = Release|Any CPU
		{D60ED3D1-AE73-44BE-AB64-F93DC15F5962}.Beta|Any CPU.ActiveCfg = Debug|Any CPU
		{D60ED3D1-AE73-44BE-AB64-F93DC15F5962}.Beta|Any CPU.Build.0 = Debug|Any CPU
		{D60ED3D1-AE73-44BE-AB64-F93DC15F5962}.Debug|Any CPU.ActiveCfg = Debug|Any CPU
		{D60ED3D1-AE73-44BE-AB64-F93DC15F5962}.Debug|Any CPU.Build.0 = Debug|Any CPU
		{D60ED3D1-AE73-44BE-AB64-F93DC15F5962}.Release|Any CPU.ActiveCfg = Release|Any CPU
		{D60ED3D1-AE73-44BE-AB64-F93DC15F5962}.Release|Any CPU.Build.0 = Release|Any CPU
		{590826DF-CD7A-4540-999C-003E83BDED3A}.Beta|Any CPU.ActiveCfg = Debug|Any CPU
		{590826DF-CD7A-4540-999C-003E83BDED3A}.Beta|Any CPU.Build.0 = Debug|Any CPU
		{590826DF-CD7A-4540-999C-003E83BDED3A}.Debug|Any CPU.ActiveCfg = Debug|Any CPU
		{590826DF-CD7A-4540-999C-003E83BDED3A}.Debug|Any CPU.Build.0 = Debug|Any CPU
		{590826DF-CD7A-4540-999C-003E83BDED3A}.Release|Any CPU.ActiveCfg = Release|Any CPU
		{590826DF-CD7A-4540-999C-003E83BDED3A}.Release|Any CPU.Build.0 = Release|Any CPU
		{53D19944-E682-4604-B594-8A9D79196FCC}.Beta|Any CPU.ActiveCfg = Debug|Any CPU
		{53D19944-E682-4604-B594-8A9D79196FCC}.Beta|Any CPU.Build.0 = Debug|Any CPU
		{53D19944-E682-4604-B594-8A9D79196FCC}.Debug|Any CPU.ActiveCfg = Debug|Any CPU
		{53D19944-E682-4604-B594-8A9D79196FCC}.Debug|Any CPU.Build.0 = Debug|Any CPU
		{53D19944-E682-4604-B594-8A9D79196FCC}.Release|Any CPU.ActiveCfg = Release|Any CPU
		{53D19944-E682-4604-B594-8A9D79196FCC}.Release|Any CPU.Build.0 = Release|Any CPU
		{53C514EC-520E-4B29-B2A5-F70E2F33657B}.Beta|Any CPU.ActiveCfg = Debug|Any CPU
		{53C514EC-520E-4B29-B2A5-F70E2F33657B}.Beta|Any CPU.Build.0 = Debug|Any CPU
		{53C514EC-520E-4B29-B2A5-F70E2F33657B}.Debug|Any CPU.ActiveCfg = Debug|Any CPU
		{53C514EC-520E-4B29-B2A5-F70E2F33657B}.Debug|Any CPU.Build.0 = Debug|Any CPU
		{53C514EC-520E-4B29-B2A5-F70E2F33657B}.Release|Any CPU.ActiveCfg = Release|Any CPU
		{53C514EC-520E-4B29-B2A5-F70E2F33657B}.Release|Any CPU.Build.0 = Release|Any CPU
		{3F67092B-B6BE-407C-82AB-4DD049319F18}.Beta|Any CPU.ActiveCfg = Debug|Any CPU
		{3F67092B-B6BE-407C-82AB-4DD049319F18}.Beta|Any CPU.Build.0 = Debug|Any CPU
		{3F67092B-B6BE-407C-82AB-4DD049319F18}.Debug|Any CPU.ActiveCfg = Debug|Any CPU
		{3F67092B-B6BE-407C-82AB-4DD049319F18}.Debug|Any CPU.Build.0 = Debug|Any CPU
		{3F67092B-B6BE-407C-82AB-4DD049319F18}.Release|Any CPU.ActiveCfg = Release|Any CPU
		{3F67092B-B6BE-407C-82AB-4DD049319F18}.Release|Any CPU.Build.0 = Release|Any CPU
		{881F5EB1-E0C4-4100-A0C9-AA2B8576AA47}.Beta|Any CPU.ActiveCfg = Debug|Any CPU
		{881F5EB1-E0C4-4100-A0C9-AA2B8576AA47}.Beta|Any CPU.Build.0 = Debug|Any CPU
		{881F5EB1-E0C4-4100-A0C9-AA2B8576AA47}.Debug|Any CPU.ActiveCfg = Debug|Any CPU
		{881F5EB1-E0C4-4100-A0C9-AA2B8576AA47}.Debug|Any CPU.Build.0 = Debug|Any CPU
		{881F5EB1-E0C4-4100-A0C9-AA2B8576AA47}.Release|Any CPU.ActiveCfg = Release|Any CPU
		{881F5EB1-E0C4-4100-A0C9-AA2B8576AA47}.Release|Any CPU.Build.0 = Release|Any CPU
		{3D17E96D-7A5B-4C9F-BF8C-7238F7572A02}.Beta|Any CPU.ActiveCfg = Debug|Any CPU
		{3D17E96D-7A5B-4C9F-BF8C-7238F7572A02}.Beta|Any CPU.Build.0 = Debug|Any CPU
		{3D17E96D-7A5B-4C9F-BF8C-7238F7572A02}.Debug|Any CPU.ActiveCfg = Debug|Any CPU
		{3D17E96D-7A5B-4C9F-BF8C-7238F7572A02}.Debug|Any CPU.Build.0 = Debug|Any CPU
		{3D17E96D-7A5B-4C9F-BF8C-7238F7572A02}.Release|Any CPU.ActiveCfg = Release|Any CPU
		{3D17E96D-7A5B-4C9F-BF8C-7238F7572A02}.Release|Any CPU.Build.0 = Release|Any CPU
		{E40475E3-B627-46A2-A327-438EC8653725}.Beta|Any CPU.ActiveCfg = Debug|Any CPU
		{E40475E3-B627-46A2-A327-438EC8653725}.Beta|Any CPU.Build.0 = Debug|Any CPU
		{E40475E3-B627-46A2-A327-438EC8653725}.Debug|Any CPU.ActiveCfg = Debug|Any CPU
		{E40475E3-B627-46A2-A327-438EC8653725}.Debug|Any CPU.Build.0 = Debug|Any CPU
		{E40475E3-B627-46A2-A327-438EC8653725}.Release|Any CPU.ActiveCfg = Release|Any CPU
		{E40475E3-B627-46A2-A327-438EC8653725}.Release|Any CPU.Build.0 = Release|Any CPU
		{182E12E7-01CB-49ED-9F44-E7E8A4E6BA48}.Beta|Any CPU.ActiveCfg = Debug|Any CPU
		{182E12E7-01CB-49ED-9F44-E7E8A4E6BA48}.Beta|Any CPU.Build.0 = Debug|Any CPU
		{182E12E7-01CB-49ED-9F44-E7E8A4E6BA48}.Debug|Any CPU.ActiveCfg = Debug|Any CPU
		{182E12E7-01CB-49ED-9F44-E7E8A4E6BA48}.Debug|Any CPU.Build.0 = Debug|Any CPU
		{182E12E7-01CB-49ED-9F44-E7E8A4E6BA48}.Release|Any CPU.ActiveCfg = Release|Any CPU
		{182E12E7-01CB-49ED-9F44-E7E8A4E6BA48}.Release|Any CPU.Build.0 = Release|Any CPU
		{FB94CC06-5124-43C8-974C-CAECADD146EF}.Beta|Any CPU.ActiveCfg = Debug|Any CPU
		{FB94CC06-5124-43C8-974C-CAECADD146EF}.Beta|Any CPU.Build.0 = Debug|Any CPU
		{FB94CC06-5124-43C8-974C-CAECADD146EF}.Debug|Any CPU.ActiveCfg = Debug|Any CPU
		{FB94CC06-5124-43C8-974C-CAECADD146EF}.Debug|Any CPU.Build.0 = Debug|Any CPU
		{FB94CC06-5124-43C8-974C-CAECADD146EF}.Release|Any CPU.ActiveCfg = Release|Any CPU
		{FB94CC06-5124-43C8-974C-CAECADD146EF}.Release|Any CPU.Build.0 = Release|Any CPU
	EndGlobalSection
	GlobalSection(SolutionProperties) = preSolution
		HideSolutionNode = FALSE
	EndGlobalSection
	GlobalSection(NestedProjects) = preSolution
		{C017EEF7-3AF9-4890-8EBC-3E5A4EE76FAB} = {B4947C6E-43F4-46ED-962C-3328FBBCD7EE}
		{AB4787CD-E44C-4834-8FF5-F285F4E4C24B} = {B4947C6E-43F4-46ED-962C-3328FBBCD7EE}
		{0DDADB61-180D-4018-A25E-FFA64B865F63} = {B4947C6E-43F4-46ED-962C-3328FBBCD7EE}
		{FADD99D3-818F-4486-A6D2-9C9BEB011ADE} = {B4947C6E-43F4-46ED-962C-3328FBBCD7EE}
		{58C40CF3-EB0D-4505-9386-10E7AE2C4351} = {B4947C6E-43F4-46ED-962C-3328FBBCD7EE}
		{1AA5CE3A-2B22-4BA5-97C9-99642908BDEA} = {B4947C6E-43F4-46ED-962C-3328FBBCD7EE}
		{36FB0E99-0535-4ECA-8344-ADD7B4CA140A} = {B4947C6E-43F4-46ED-962C-3328FBBCD7EE}
		{D60ED3D1-AE73-44BE-AB64-F93DC15F5962} = {B4947C6E-43F4-46ED-962C-3328FBBCD7EE}
		{590826DF-CD7A-4540-999C-003E83BDED3A} = {B4947C6E-43F4-46ED-962C-3328FBBCD7EE}
		{53D19944-E682-4604-B594-8A9D79196FCC} = {B4947C6E-43F4-46ED-962C-3328FBBCD7EE}
		{53C514EC-520E-4B29-B2A5-F70E2F33657B} = {B4947C6E-43F4-46ED-962C-3328FBBCD7EE}
		{3F67092B-B6BE-407C-82AB-4DD049319F18} = {B4947C6E-43F4-46ED-962C-3328FBBCD7EE}
		{881F5EB1-E0C4-4100-A0C9-AA2B8576AA47} = {B4947C6E-43F4-46ED-962C-3328FBBCD7EE}
	EndGlobalSection
	GlobalSection(ExtensibilityGlobals) = postSolution
		SolutionGuid = {8545B37D-4909-4B13-B797-9DB38094E5F9}
	EndGlobalSection
EndGlobal
